
Microsoft Visual Studio Solution File, Format Version 12.00
# Visual Studio Version 16
VisualStudioVersion = 16.0.30907.101
MinimumVisualStudioVersion = 10.0.40219.1
Project("{FAE04EC0-301F-11D3-BF4B-00C04F79EFBC}") = "Snappy", "Snappy.csproj", "{AC76D8EA-9C62-4326-92E1-97C9D643D458}"
EndProject
Global
	GlobalSection(SolutionConfigurationPlatforms) = preSolution
		Debug|Any CPU = Debug|Any CPU
		Release|Any CPU = Release|Any CPU
	EndGlobalSection
	GlobalSection(ProjectConfigurationPlatforms) = postSolution
		{AC76D8EA-9C62-4326-92E1-97C9D643D458}.Debug|Any CPU.ActiveCfg = Debug|Any CPU
		{AC76D8EA-9C62-4326-92E1-97C9D643D458}.Debug|Any CPU.Build.0 = Debug|Any CPU
		{AC76D8EA-9C62-4326-92E1-97C9D643D458}.Release|Any CPU.ActiveCfg = Release|Any CPU
		{AC76D8EA-9C62-4326-92E1-97C9D643D458}.Release|Any CPU.Build.0 = Release|Any CPU
	EndGlobalSection
	GlobalSection(SolutionProperties) = preSolution
		HideSolutionNode = FALSE
	EndGlobalSection
	GlobalSection(ExtensibilityGlobals) = postSolution
		SolutionGuid = {26076152-B290-43F9-99BC-50EEC32F1D4F}
	EndGlobalSection
EndGlobal
